// !$*UTF8*$!
{
	archiveVersion = 1;
	classes = {
	};
	objectVersion = 56;
	objects = {

/* Begin PBXBuildFile section */
		356B1B66D39A7DD998F7C81F /* Pods_Social_Media_App.framework in Frameworks */ = {isa = PBXBuildFile; fileRef = 35C4A8FAD3C881C6BEBCB7DF /* Pods_Social_Media_App.framework */; };
		EEBB1D1E2B559CB1006B85CD /* LoadingView.swift in Sources */ = {isa = PBXBuildFile; fileRef = EEBB1D1D2B559CB1006B85CD /* LoadingView.swift */; };
		EEBB8CA82B553AFD00F43DE9 /* Social_Media_AppApp.swift in Sources */ = {isa = PBXBuildFile; fileRef = EEBB8CA72B553AFD00F43DE9 /* Social_Media_AppApp.swift */; };
		EEBB8CAA2B553AFD00F43DE9 /* ContentView.swift in Sources */ = {isa = PBXBuildFile; fileRef = EEBB8CA92B553AFD00F43DE9 /* ContentView.swift */; };
		EEBB8CAC2B553AFF00F43DE9 /* Assets.xcassets in Resources */ = {isa = PBXBuildFile; fileRef = EEBB8CAB2B553AFF00F43DE9 /* Assets.xcassets */; };
		EEBB8CAF2B553AFF00F43DE9 /* Preview Assets.xcassets in Resources */ = {isa = PBXBuildFile; fileRef = EEBB8CAE2B553AFF00F43DE9 /* Preview Assets.xcassets */; };
		EEBB8CB62B553BDB00F43DE9 /* GoogleService-Info.plist in Resources */ = {isa = PBXBuildFile; fileRef = EEBB8CB52B553BDB00F43DE9 /* GoogleService-Info.plist */; };
		EEBB8CB82B553CAB00F43DE9 /* LoginView.swift in Sources */ = {isa = PBXBuildFile; fileRef = EEBB8CB72B553CAB00F43DE9 /* LoginView.swift */; };
		EEBB8CBA2B5586B000F43DE9 /* User.swift in Sources */ = {isa = PBXBuildFile; fileRef = EEBB8CB92B5586B000F43DE9 /* User.swift */; };
		EEDB5B1F2B592C6F00538EDD /* Launch Screen.storyboard in Resources */ = {isa = PBXBuildFile; fileRef = EEDB5B1E2B592C6F00538EDD /* Launch Screen.storyboard */; };
		EEDB5B232B59470B00538EDD /* SearchUserView.swift in Sources */ = {isa = PBXBuildFile; fileRef = EEDB5B222B59470B00538EDD /* SearchUserView.swift */; };
		EEE9A1A62B5690DA00C0EC90 /* RegisterView.swift in Sources */ = {isa = PBXBuildFile; fileRef = EEE9A1A52B5690DA00C0EC90 /* RegisterView.swift */; };
		EEE9A1A82B56917D00C0EC90 /* View+Extension.swift in Sources */ = {isa = PBXBuildFile; fileRef = EEE9A1A72B56917D00C0EC90 /* View+Extension.swift */; };
		EEE9A1AA2B56920D00C0EC90 /* MainView.swift in Sources */ = {isa = PBXBuildFile; fileRef = EEE9A1A92B56920D00C0EC90 /* MainView.swift */; };
		EEE9A1AC2B56960200C0EC90 /* ProfileView.swift in Sources */ = {isa = PBXBuildFile; fileRef = EEE9A1AB2B56960200C0EC90 /* ProfileView.swift */; };
		EEE9A1AE2B56BB7E00C0EC90 /* ReusableProfilContent.swift in Sources */ = {isa = PBXBuildFile; fileRef = EEE9A1AD2B56BB7E00C0EC90 /* ReusableProfilContent.swift */; };
		EEE9A1B42B57CEA300C0EC90 /* CreateNewPost.swift in Sources */ = {isa = PBXBuildFile; fileRef = EEE9A1B32B57CEA300C0EC90 /* CreateNewPost.swift */; };
		EEE9A1B72B57CEF000C0EC90 /* Post.swift in Sources */ = {isa = PBXBuildFile; fileRef = EEE9A1B62B57CEF000C0EC90 /* Post.swift */; };
		EEE9A1B92B57E93B00C0EC90 /* PostView.swift in Sources */ = {isa = PBXBuildFile; fileRef = EEE9A1B82B57E93B00C0EC90 /* PostView.swift */; };
		EEE9A1BB2B582ADA00C0EC90 /* ReusablePostsView.swift in Sources */ = {isa = PBXBuildFile; fileRef = EEE9A1BA2B582ADA00C0EC90 /* ReusablePostsView.swift */; };
		EEE9A1BD2B58365B00C0EC90 /* PostCardView.swift in Sources */ = {isa = PBXBuildFile; fileRef = EEE9A1BC2B58365B00C0EC90 /* PostCardView.swift */; };
/* End PBXBuildFile section */

/* Begin PBXFileReference section */
		35C4A8FAD3C881C6BEBCB7DF /* Pods_Social_Media_App.framework */ = {isa = PBXFileReference; explicitFileType = wrapper.framework; includeInIndex = 0; path = Pods_Social_Media_App.framework; sourceTree = BUILT_PRODUCTS_DIR; };
		4F226FE68D4C29475696173A /* Pods-Social Media App.debug.xcconfig */ = {isa = PBXFileReference; includeInIndex = 1; lastKnownFileType = text.xcconfig; name = "Pods-Social Media App.debug.xcconfig"; path = "Target Support Files/Pods-Social Media App/Pods-Social Media App.debug.xcconfig"; sourceTree = "<group>"; };
		C8DF4DA6085A412D0FAEFCBE /* Pods-Social Media App.release.xcconfig */ = {isa = PBXFileReference; includeInIndex = 1; lastKnownFileType = text.xcconfig; name = "Pods-Social Media App.release.xcconfig"; path = "Target Support Files/Pods-Social Media App/Pods-Social Media App.release.xcconfig"; sourceTree = "<group>"; };
		EEBB1D1D2B559CB1006B85CD /* LoadingView.swift */ = {isa = PBXFileReference; lastKnownFileType = sourcecode.swift; path = LoadingView.swift; sourceTree = "<group>"; };
		EEBB8CA42B553AFD00F43DE9 /* Social Media App.app */ = {isa = PBXFileReference; explicitFileType = wrapper.application; includeInIndex = 0; path = "Social Media App.app"; sourceTree = BUILT_PRODUCTS_DIR; };
		EEBB8CA72B553AFD00F43DE9 /* Social_Media_AppApp.swift */ = {isa = PBXFileReference; lastKnownFileType = sourcecode.swift; path = Social_Media_AppApp.swift; sourceTree = "<group>"; };
		EEBB8CA92B553AFD00F43DE9 /* ContentView.swift */ = {isa = PBXFileReference; lastKnownFileType = sourcecode.swift; path = ContentView.swift; sourceTree = "<group>"; };
		EEBB8CAB2B553AFF00F43DE9 /* Assets.xcassets */ = {isa = PBXFileReference; lastKnownFileType = folder.assetcatalog; path = Assets.xcassets; sourceTree = "<group>"; };
		EEBB8CAE2B553AFF00F43DE9 /* Preview Assets.xcassets */ = {isa = PBXFileReference; lastKnownFileType = folder.assetcatalog; path = "Preview Assets.xcassets"; sourceTree = "<group>"; };
		EEBB8CB52B553BDB00F43DE9 /* GoogleService-Info.plist */ = {isa = PBXFileReference; fileEncoding = 4; lastKnownFileType = text.plist.xml; path = "GoogleService-Info.plist"; sourceTree = "<group>"; };
		EEBB8CB72B553CAB00F43DE9 /* LoginView.swift */ = {isa = PBXFileReference; lastKnownFileType = sourcecode.swift; path = LoginView.swift; sourceTree = "<group>"; };
		EEBB8CB92B5586B000F43DE9 /* User.swift */ = {isa = PBXFileReference; lastKnownFileType = sourcecode.swift; path = User.swift; sourceTree = "<group>"; };
		EEDB5B1E2B592C6F00538EDD /* Launch Screen.storyboard */ = {isa = PBXFileReference; lastKnownFileType = file.storyboard; path = "Launch Screen.storyboard"; sourceTree = "<group>"; };
		EEDB5B222B59470B00538EDD /* SearchUserView.swift */ = {isa = PBXFileReference; lastKnownFileType = sourcecode.swift; path = SearchUserView.swift; sourceTree = "<group>"; };
		EEE9A1A52B5690DA00C0EC90 /* RegisterView.swift */ = {isa = PBXFileReference; lastKnownFileType = sourcecode.swift; path = RegisterView.swift; sourceTree = "<group>"; };
		EEE9A1A72B56917D00C0EC90 /* View+Extension.swift */ = {isa = PBXFileReference; lastKnownFileType = sourcecode.swift; path = "View+Extension.swift"; sourceTree = "<group>"; };
		EEE9A1A92B56920D00C0EC90 /* MainView.swift */ = {isa = PBXFileReference; lastKnownFileType = sourcecode.swift; path = MainView.swift; sourceTree = "<group>"; };
		EEE9A1AB2B56960200C0EC90 /* ProfileView.swift */ = {isa = PBXFileReference; lastKnownFileType = sourcecode.swift; path = ProfileView.swift; sourceTree = "<group>"; };
		EEE9A1AD2B56BB7E00C0EC90 /* ReusableProfilContent.swift */ = {isa = PBXFileReference; lastKnownFileType = sourcecode.swift; path = ReusableProfilContent.swift; sourceTree = "<group>"; };
		EEE9A1B32B57CEA300C0EC90 /* CreateNewPost.swift */ = {isa = PBXFileReference; lastKnownFileType = sourcecode.swift; path = CreateNewPost.swift; sourceTree = "<group>"; };
		EEE9A1B62B57CEF000C0EC90 /* Post.swift */ = {isa = PBXFileReference; lastKnownFileType = sourcecode.swift; path = Post.swift; sourceTree = "<group>"; };
		EEE9A1B82B57E93B00C0EC90 /* PostView.swift */ = {isa = PBXFileReference; lastKnownFileType = sourcecode.swift; path = PostView.swift; sourceTree = "<group>"; };
		EEE9A1BA2B582ADA00C0EC90 /* ReusablePostsView.swift */ = {isa = PBXFileReference; lastKnownFileType = sourcecode.swift; path = ReusablePostsView.swift; sourceTree = "<group>"; };
		EEE9A1BC2B58365B00C0EC90 /* PostCardView.swift */ = {isa = PBXFileReference; lastKnownFileType = sourcecode.swift; path = PostCardView.swift; sourceTree = "<group>"; };
/* End PBXFileReference section */

/* Begin PBXFrameworksBuildPhase section */
		EEBB8CA12B553AFD00F43DE9 /* Frameworks */ = {
			isa = PBXFrameworksBuildPhase;
			buildActionMask = 2147483647;
			files = (
				356B1B66D39A7DD998F7C81F /* Pods_Social_Media_App.framework in Frameworks */,
			);
			runOnlyForDeploymentPostprocessing = 0;
		};
/* End PBXFrameworksBuildPhase section */

/* Begin PBXGroup section */
		57F763930CC16024C08C111F /* Frameworks */ = {
			isa = PBXGroup;
			children = (
				35C4A8FAD3C881C6BEBCB7DF /* Pods_Social_Media_App.framework */,
			);
			name = Frameworks;
			sourceTree = "<group>";
		};
		E72F756604531C9714CF9682 /* Pods */ = {
			isa = PBXGroup;
			children = (
				4F226FE68D4C29475696173A /* Pods-Social Media App.debug.xcconfig */,
				C8DF4DA6085A412D0FAEFCBE /* Pods-Social Media App.release.xcconfig */,
			);
			path = Pods;
			sourceTree = "<group>";
		};
		EEBB8C9B2B553AFD00F43DE9 = {
			isa = PBXGroup;
			children = (
				EEBB8CA62B553AFD00F43DE9 /* Social Media App */,
				EEBB8CA52B553AFD00F43DE9 /* Products */,
				E72F756604531C9714CF9682 /* Pods */,
				57F763930CC16024C08C111F /* Frameworks */,
			);
			sourceTree = "<group>";
		};
		EEBB8CA52B553AFD00F43DE9 /* Products */ = {
			isa = PBXGroup;
			children = (
				EEBB8CA42B553AFD00F43DE9 /* Social Media App.app */,
			);
			name = Products;
			sourceTree = "<group>";
		};
		EEBB8CA62B553AFD00F43DE9 /* Social Media App */ = {
			isa = PBXGroup;
			children = (
				EEBB8CA92B553AFD00F43DE9 /* ContentView.swift */,
				EEBB8CA72B553AFD00F43DE9 /* Social_Media_AppApp.swift */,
				EEE9A1B22B57CE3400C0EC90 /* View */,
				EEE9A1B52B57CEDE00C0EC90 /* Modal */,
				EEBB8CB52B553BDB00F43DE9 /* GoogleService-Info.plist */,
				EEDB5B1E2B592C6F00538EDD /* Launch Screen.storyboard */,
				EEBB8CAB2B553AFF00F43DE9 /* Assets.xcassets */,
				EEBB8CAD2B553AFF00F43DE9 /* Preview Content */,
			);
			path = "Social Media App";
			sourceTree = "<group>";
		};
		EEBB8CAD2B553AFF00F43DE9 /* Preview Content */ = {
			isa = PBXGroup;
			children = (
				EEBB8CAE2B553AFF00F43DE9 /* Preview Assets.xcassets */,
			);
			path = "Preview Content";
			sourceTree = "<group>";
		};
		EEDB5B202B59434900538EDD /* PostView */ = {
			isa = PBXGroup;
			children = (
				EEE9A1B82B57E93B00C0EC90 /* PostView.swift */,
				EEE9A1BA2B582ADA00C0EC90 /* ReusablePostsView.swift */,
				EEE9A1BC2B58365B00C0EC90 /* PostCardView.swift */,
				EEDB5B222B59470B00538EDD /* SearchUserView.swift */,
			);
			path = PostView;
			sourceTree = "<group>";
		};
		EEDB5B212B59436700538EDD /* ProfilView */ = {
			isa = PBXGroup;
			children = (
				EEE9A1AB2B56960200C0EC90 /* ProfileView.swift */,
				EEE9A1AD2B56BB7E00C0EC90 /* ReusableProfilContent.swift */,
			);
			path = ProfilView;
			sourceTree = "<group>";
		};
		EEE9A1AF2B57CDE600C0EC90 /* Login */ = {
			isa = PBXGroup;
			children = (
				EEE9A1A52B5690DA00C0EC90 /* RegisterView.swift */,
				EEBB8CB72B553CAB00F43DE9 /* LoginView.swift */,
			);
			path = Login;
			sourceTree = "<group>";
		};
		EEE9A1B02B57CDF700C0EC90 /* MainView */ = {
			isa = PBXGroup;
			children = (
				EEE9A1A92B56920D00C0EC90 /* MainView.swift */,
				EEE9A1B32B57CEA300C0EC90 /* CreateNewPost.swift */,
				EEDB5B212B59436700538EDD /* ProfilView */,
				EEDB5B202B59434900538EDD /* PostView */,
			);
			path = MainView;
			sourceTree = "<group>";
		};
		EEE9A1B12B57CE1400C0EC90 /* Helpers */ = {
			isa = PBXGroup;
			children = (
				EEBB1D1D2B559CB1006B85CD /* LoadingView.swift */,
				EEE9A1A72B56917D00C0EC90 /* View+Extension.swift */,
			);
			path = Helpers;
			sourceTree = "<group>";
		};
		EEE9A1B22B57CE3400C0EC90 /* View */ = {
			isa = PBXGroup;
			children = (
				EEE9A1AF2B57CDE600C0EC90 /* Login */,
				EEE9A1B02B57CDF700C0EC90 /* MainView */,
				EEE9A1B12B57CE1400C0EC90 /* Helpers */,
			);
			path = View;
			sourceTree = "<group>";
		};
		EEE9A1B52B57CEDE00C0EC90 /* Modal */ = {
			isa = PBXGroup;
			children = (
				EEBB8CB92B5586B000F43DE9 /* User.swift */,
				EEE9A1B62B57CEF000C0EC90 /* Post.swift */,
			);
			path = Modal;
			sourceTree = "<group>";
		};
/* End PBXGroup section */

/* Begin PBXNativeTarget section */
		EEBB8CA32B553AFD00F43DE9 /* Social Media App */ = {
			isa = PBXNativeTarget;
			buildConfigurationList = EEBB8CB22B553AFF00F43DE9 /* Build configuration list for PBXNativeTarget "Social Media App" */;
			buildPhases = (
				DD01A4A7867EED1BB7A73DBE /* [CP] Check Pods Manifest.lock */,
				EEBB8CA02B553AFD00F43DE9 /* Sources */,
				EEBB8CA12B553AFD00F43DE9 /* Frameworks */,
				EEBB8CA22B553AFD00F43DE9 /* Resources */,
				61A46F75088CEBDF71F46A36 /* [CP] Embed Pods Frameworks */,
			);
			buildRules = (
			);
			dependencies = (
			);
			name = "Social Media App";
			productName = "Social Media App";
			productReference = EEBB8CA42B553AFD00F43DE9 /* Social Media App.app */;
			productType = "com.apple.product-type.application";
		};
/* End PBXNativeTarget section */

/* Begin PBXProject section */
		EEBB8C9C2B553AFD00F43DE9 /* Project object */ = {
			isa = PBXProject;
			attributes = {
				BuildIndependentTargetsInParallel = 1;
				LastSwiftUpdateCheck = 1520;
				LastUpgradeCheck = 1520;
				TargetAttributes = {
					EEBB8CA32B553AFD00F43DE9 = {
						CreatedOnToolsVersion = 15.2;
					};
				};
			};
			buildConfigurationList = EEBB8C9F2B553AFD00F43DE9 /* Build configuration list for PBXProject "Social Media App" */;
			compatibilityVersion = "Xcode 14.0";
			developmentRegion = en;
			hasScannedForEncodings = 0;
			knownRegions = (
				en,
				Base,
			);
			mainGroup = EEBB8C9B2B553AFD00F43DE9;
			productRefGroup = EEBB8CA52B553AFD00F43DE9 /* Products */;
			projectDirPath = "";
			projectRoot = "";
			targets = (
				EEBB8CA32B553AFD00F43DE9 /* Social Media App */,
			);
		};
/* End PBXProject section */

/* Begin PBXResourcesBuildPhase section */
		EEBB8CA22B553AFD00F43DE9 /* Resources */ = {
			isa = PBXResourcesBuildPhase;
			buildActionMask = 2147483647;
			files = (
				EEBB8CAF2B553AFF00F43DE9 /* Preview Assets.xcassets in Resources */,
				EEBB8CAC2B553AFF00F43DE9 /* Assets.xcassets in Resources */,
				EEDB5B1F2B592C6F00538EDD /* Launch Screen.storyboard in Resources */,
				EEBB8CB62B553BDB00F43DE9 /* GoogleService-Info.plist in Resources */,
			);
			runOnlyForDeploymentPostprocessing = 0;
		};
/* End PBXResourcesBuildPhase section */

/* Begin PBXShellScriptBuildPhase section */
		61A46F75088CEBDF71F46A36 /* [CP] Embed Pods Frameworks */ = {
			isa = PBXShellScriptBuildPhase;
			buildActionMask = 2147483647;
			files = (
			);
			inputFileListPaths = (
				"${PODS_ROOT}/Target Support Files/Pods-Social Media App/Pods-Social Media App-frameworks-${CONFIGURATION}-input-files.xcfilelist",
			);
			name = "[CP] Embed Pods Frameworks";
			outputFileListPaths = (
				"${PODS_ROOT}/Target Support Files/Pods-Social Media App/Pods-Social Media App-frameworks-${CONFIGURATION}-output-files.xcfilelist",
			);
			runOnlyForDeploymentPostprocessing = 0;
			shellPath = /bin/sh;
			shellScript = "\"${PODS_ROOT}/Target Support Files/Pods-Social Media App/Pods-Social Media App-frameworks.sh\"\n";
			showEnvVarsInLog = 0;
		};
		DD01A4A7867EED1BB7A73DBE /* [CP] Check Pods Manifest.lock */ = {
			isa = PBXShellScriptBuildPhase;
			buildActionMask = 2147483647;
			files = (
			);
			inputFileListPaths = (
			);
			inputPaths = (
				"${PODS_PODFILE_DIR_PATH}/Podfile.lock",
				"${PODS_ROOT}/Manifest.lock",
			);
			name = "[CP] Check Pods Manifest.lock";
			outputFileListPaths = (
			);
			outputPaths = (
				"$(DERIVED_FILE_DIR)/Pods-Social Media App-checkManifestLockResult.txt",
			);
			runOnlyForDeploymentPostprocessing = 0;
			shellPath = /bin/sh;
			shellScript = "diff \"${PODS_PODFILE_DIR_PATH}/Podfile.lock\" \"${PODS_ROOT}/Manifest.lock\" > /dev/null\nif [ $? != 0 ] ; then\n    # print error to STDERR\n    echo \"error: The sandbox is not in sync with the Podfile.lock. Run 'pod install' or update your CocoaPods installation.\" >&2\n    exit 1\nfi\n# This output is used by Xcode 'outputs' to avoid re-running this script phase.\necho \"SUCCESS\" > \"${SCRIPT_OUTPUT_FILE_0}\"\n";
			showEnvVarsInLog = 0;
		};
/* End PBXShellScriptBuildPhase section */

/* Begin PBXSourcesBuildPhase section */
		EEBB8CA02B553AFD00F43DE9 /* Sources */ = {
			isa = PBXSourcesBuildPhase;
			buildActionMask = 2147483647;
			files = (
				EEBB8CBA2B5586B000F43DE9 /* User.swift in Sources */,
				EEE9A1AC2B56960200C0EC90 /* ProfileView.swift in Sources */,
				EEE9A1AE2B56BB7E00C0EC90 /* ReusableProfilContent.swift in Sources */,
				EEE9A1B72B57CEF000C0EC90 /* Post.swift in Sources */,
				EEE9A1AA2B56920D00C0EC90 /* MainView.swift in Sources */,
				EEBB8CB82B553CAB00F43DE9 /* LoginView.swift in Sources */,
				EEBB8CAA2B553AFD00F43DE9 /* ContentView.swift in Sources */,
				EEE9A1BB2B582ADA00C0EC90 /* ReusablePostsView.swift in Sources */,
				EEE9A1A62B5690DA00C0EC90 /* RegisterView.swift in Sources */,
				EEE9A1B42B57CEA300C0EC90 /* CreateNewPost.swift in Sources */,
				EEBB1D1E2B559CB1006B85CD /* LoadingView.swift in Sources */,
				EEE9A1A82B56917D00C0EC90 /* View+Extension.swift in Sources */,
				EEE9A1BD2B58365B00C0EC90 /* PostCardView.swift in Sources */,
				EEE9A1B92B57E93B00C0EC90 /* PostView.swift in Sources */,
				EEBB8CA82B553AFD00F43DE9 /* Social_Media_AppApp.swift in Sources */,
				EEDB5B232B59470B00538EDD /* SearchUserView.swift in Sources */,
			);
			runOnlyForDeploymentPostprocessing = 0;
		};
/* End PBXSourcesBuildPhase section */

/* Begin XCBuildConfiguration section */
		EEBB8CB02B553AFF00F43DE9 /* Debug */ = {
			isa = XCBuildConfiguration;
			buildSettings = {
				ALWAYS_SEARCH_USER_PATHS = NO;
				ASSETCATALOG_COMPILER_GENERATE_SWIFT_ASSET_SYMBOL_EXTENSIONS = YES;
				CLANG_ANALYZER_NONNULL = YES;
				CLANG_ANALYZER_NUMBER_OBJECT_CONVERSION = YES_AGGRESSIVE;
				CLANG_CXX_LANGUAGE_STANDARD = "gnu++20";
				CLANG_ENABLE_MODULES = YES;
				CLANG_ENABLE_OBJC_ARC = YES;
				CLANG_ENABLE_OBJC_WEAK = YES;
				CLANG_WARN_BLOCK_CAPTURE_AUTORELEASING = YES;
				CLANG_WARN_BOOL_CONVERSION = YES;
				CLANG_WARN_COMMA = YES;
				CLANG_WARN_CONSTANT_CONVERSION = YES;
				CLANG_WARN_DEPRECATED_OBJC_IMPLEMENTATIONS = YES;
				CLANG_WARN_DIRECT_OBJC_ISA_USAGE = YES_ERROR;
				CLANG_WARN_DOCUMENTATION_COMMENTS = YES;
				CLANG_WARN_EMPTY_BODY = YES;
				CLANG_WARN_ENUM_CONVERSION = YES;
				CLANG_WARN_INFINITE_RECURSION = YES;
				CLANG_WARN_INT_CONVERSION = YES;
				CLANG_WARN_NON_LITERAL_NULL_CONVERSION = YES;
				CLANG_WARN_OBJC_IMPLICIT_RETAIN_SELF = YES;
				CLANG_WARN_OBJC_LITERAL_CONVERSION = YES;
				CLANG_WARN_OBJC_ROOT_CLASS = YES_ERROR;
				CLANG_WARN_QUOTED_INCLUDE_IN_FRAMEWORK_HEADER = YES;
				CLANG_WARN_RANGE_LOOP_ANALYSIS = YES;
				CLANG_WARN_STRICT_PROTOTYPES = YES;
				CLANG_WARN_SUSPICIOUS_MOVE = YES;
				CLANG_WARN_UNGUARDED_AVAILABILITY = YES_AGGRESSIVE;
				CLANG_WARN_UNREACHABLE_CODE = YES;
				CLANG_WARN__DUPLICATE_METHOD_MATCH = YES;
				COPY_PHASE_STRIP = NO;
				DEBUG_INFORMATION_FORMAT = dwarf;
				ENABLE_STRICT_OBJC_MSGSEND = YES;
				ENABLE_TESTABILITY = YES;
				ENABLE_USER_SCRIPT_SANDBOXING = YES;
				GCC_C_LANGUAGE_STANDARD = gnu17;
				GCC_DYNAMIC_NO_PIC = NO;
				GCC_NO_COMMON_BLOCKS = YES;
				GCC_OPTIMIZATION_LEVEL = 0;
				GCC_PREPROCESSOR_DEFINITIONS = (
					"DEBUG=1",
					"$(inherited)",
				);
				GCC_WARN_64_TO_32_BIT_CONVERSION = YES;
				GCC_WARN_ABOUT_RETURN_TYPE = YES_ERROR;
				GCC_WARN_UNDECLARED_SELECTOR = YES;
				GCC_WARN_UNINITIALIZED_AUTOS = YES_AGGRESSIVE;
				GCC_WARN_UNUSED_FUNCTION = YES;
				GCC_WARN_UNUSED_VARIABLE = YES;
				IPHONEOS_DEPLOYMENT_TARGET = 17.2;
				LOCALIZATION_PREFERS_STRING_CATALOGS = YES;
				MTL_ENABLE_DEBUG_INFO = INCLUDE_SOURCE;
				MTL_FAST_MATH = YES;
				ONLY_ACTIVE_ARCH = YES;
				SDKROOT = iphoneos;
				SWIFT_ACTIVE_COMPILATION_CONDITIONS = "DEBUG $(inherited)";
				SWIFT_OPTIMIZATION_LEVEL = "-Onone";
			};
			name = Debug;
		};
		EEBB8CB12B553AFF00F43DE9 /* Release */ = {
			isa = XCBuildConfiguration;
			buildSettings = {
				ALWAYS_SEARCH_USER_PATHS = NO;
				ASSETCATALOG_COMPILER_GENERATE_SWIFT_ASSET_SYMBOL_EXTENSIONS = YES;
				CLANG_ANALYZER_NONNULL = YES;
				CLANG_ANALYZER_NUMBER_OBJECT_CONVERSION = YES_AGGRESSIVE;
				CLANG_CXX_LANGUAGE_STANDARD = "gnu++20";
				CLANG_ENABLE_MODULES = YES;
				CLANG_ENABLE_OBJC_ARC = YES;
				CLANG_ENABLE_OBJC_WEAK = YES;
				CLANG_WARN_BLOCK_CAPTURE_AUTORELEASING = YES;
				CLANG_WARN_BOOL_CONVERSION = YES;
				CLANG_WARN_COMMA = YES;
				CLANG_WARN_CONSTANT_CONVERSION = YES;
				CLANG_WARN_DEPRECATED_OBJC_IMPLEMENTATIONS = YES;
				CLANG_WARN_DIRECT_OBJC_ISA_USAGE = YES_ERROR;
				CLANG_WARN_DOCUMENTATION_COMMENTS = YES;
				CLANG_WARN_EMPTY_BODY = YES;
				CLANG_WARN_ENUM_CONVERSION = YES;
				CLANG_WARN_INFINITE_RECURSION = YES;
				CLANG_WARN_INT_CONVERSION = YES;
				CLANG_WARN_NON_LITERAL_NULL_CONVERSION = YES;
				CLANG_WARN_OBJC_IMPLICIT_RETAIN_SELF = YES;
				CLANG_WARN_OBJC_LITERAL_CONVERSION = YES;
				CLANG_WARN_OBJC_ROOT_CLASS = YES_ERROR;
				CLANG_WARN_QUOTED_INCLUDE_IN_FRAMEWORK_HEADER = YES;
				CLANG_WARN_RANGE_LOOP_ANALYSIS = YES;
				CLANG_WARN_STRICT_PROTOTYPES = YES;
				CLANG_WARN_SUSPICIOUS_MOVE = YES;
				CLANG_WARN_UNGUARDED_AVAILABILITY = YES_AGGRESSIVE;
				CLANG_WARN_UNREACHABLE_CODE = YES;
				CLANG_WARN__DUPLICATE_METHOD_MATCH = YES;
				COPY_PHASE_STRIP = NO;
				DEBUG_INFORMATION_FORMAT = "dwarf-with-dsym";
				ENABLE_NS_ASSERTIONS = NO;
				ENABLE_STRICT_OBJC_MSGSEND = YES;
				ENABLE_USER_SCRIPT_SANDBOXING = YES;
				GCC_C_LANGUAGE_STANDARD = gnu17;
				GCC_NO_COMMON_BLOCKS = YES;
				GCC_WARN_64_TO_32_BIT_CONVERSION = YES;
				GCC_WARN_ABOUT_RETURN_TYPE = YES_ERROR;
				GCC_WARN_UNDECLARED_SELECTOR = YES;
				GCC_WARN_UNINITIALIZED_AUTOS = YES_AGGRESSIVE;
				GCC_WARN_UNUSED_FUNCTION = YES;
				GCC_WARN_UNUSED_VARIABLE = YES;
				IPHONEOS_DEPLOYMENT_TARGET = 17.2;
				LOCALIZATION_PREFERS_STRING_CATALOGS = YES;
				MTL_ENABLE_DEBUG_INFO = NO;
				MTL_FAST_MATH = YES;
				SDKROOT = iphoneos;
				SWIFT_COMPILATION_MODE = wholemodule;
				VALIDATE_PRODUCT = YES;
			};
			name = Release;
		};
		EEBB8CB32B553AFF00F43DE9 /* Debug */ = {
			isa = XCBuildConfiguration;
			baseConfigurationReference = 4F226FE68D4C29475696173A /* Pods-Social Media App.debug.xcconfig */;
			buildSettings = {
				ASSETCATALOG_COMPILER_APPICON_NAME = AppIcon;
				ASSETCATALOG_COMPILER_GLOBAL_ACCENT_COLOR_NAME = AccentColor;
				CODE_SIGN_STYLE = Automatic;
				CURRENT_PROJECT_VERSION = 1;
				DEVELOPMENT_ASSET_PATHS = "\"Social Media App/Preview Content\"";
				DEVELOPMENT_TEAM = CWJG98258B;
				ENABLE_PREVIEWS = YES;
				ENABLE_USER_SCRIPT_SANDBOXING = NO;
				GENERATE_INFOPLIST_FILE = YES;
				INFOPLIST_KEY_CFBundleDisplayName = "Social Media";
				INFOPLIST_KEY_UIApplicationSceneManifest_Generation = YES;
				INFOPLIST_KEY_UIApplicationSupportsIndirectInputEvents = YES;
				INFOPLIST_KEY_UILaunchScreen_Generation = YES;
				INFOPLIST_KEY_UILaunchStoryboardName = "Launch Screen.storyboard";
				INFOPLIST_KEY_UISupportedInterfaceOrientations_iPad = "UIInterfaceOrientationPortrait UIInterfaceOrientationPortraitUpsideDown UIInterfaceOrientationLandscapeLeft UIInterfaceOrientationLandscapeRight";
				INFOPLIST_KEY_UISupportedInterfaceOrientations_iPhone = "UIInterfaceOrientationPortrait UIInterfaceOrientationLandscapeLeft UIInterfaceOrientationLandscapeRight";
				LD_RUNPATH_SEARCH_PATHS = (
					"$(inherited)",
					"@executable_path/Frameworks",
				);
				MARKETING_VERSION = 1.0;
				PRODUCT_BUNDLE_IDENTIFIER = "iDevFan.Social-Media-App";
				PRODUCT_NAME = "$(TARGET_NAME)";
				SWIFT_EMIT_LOC_STRINGS = YES;
				SWIFT_VERSION = 5.0;
				TARGETED_DEVICE_FAMILY = "1,2";
			};
			name = Debug;
		};
		EEBB8CB42B553AFF00F43DE9 /* Release */ = {
			isa = XCBuildConfiguration;
			baseConfigurationReference = C8DF4DA6085A412D0FAEFCBE /* Pods-Social Media App.release.xcconfig */;
			buildSettings = {
				ASSETCATALOG_COMPILER_APPICON_NAME = AppIcon;
				ASSETCATALOG_COMPILER_GLOBAL_ACCENT_COLOR_NAME = AccentColor;
				CODE_SIGN_STYLE = Automatic;
				CURRENT_PROJECT_VERSION = 1;
				DEVELOPMENT_ASSET_PATHS = "\"Social Media App/Preview Content\"";
				DEVELOPMENT_TEAM = CWJG98258B;
				ENABLE_PREVIEWS = YES;
				ENABLE_USER_SCRIPT_SANDBOXING = NO;
				GENERATE_INFOPLIST_FILE = YES;
				INFOPLIST_KEY_CFBundleDisplayName = "Social Media";
				INFOPLIST_KEY_UIApplicationSceneManifest_Generation = YES;
				INFOPLIST_KEY_UIApplicationSupportsIndirectInputEvents = YES;
				INFOPLIST_KEY_UILaunchScreen_Generation = YES;
				INFOPLIST_KEY_UILaunchStoryboardName = "Launch Screen.storyboard";
				INFOPLIST_KEY_UISupportedInterfaceOrientations_iPad = "UIInterfaceOrientationPortrait UIInterfaceOrientationPortraitUpsideDown UIInterfaceOrientationLandscapeLeft UIInterfaceOrientationLandscapeRight";
				INFOPLIST_KEY_UISupportedInterfaceOrientations_iPhone = "UIInterfaceOrientationPortrait UIInterfaceOrientationLandscapeLeft UIInterfaceOrientationLandscapeRight";
				LD_RUNPATH_SEARCH_PATHS = (
					"$(inherited)",
					"@executable_path/Frameworks",
				);
				MARKETING_VERSION = 1.0;
				PRODUCT_BUNDLE_IDENTIFIER = "iDevFan.Social-Media-App";
				PRODUCT_NAME = "$(TARGET_NAME)";
				SWIFT_EMIT_LOC_STRINGS = YES;
				SWIFT_VERSION = 5.0;
				TARGETED_DEVICE_FAMILY = "1,2";
			};
			name = Release;
		};
/* End XCBuildConfiguration section */

/* Begin XCConfigurationList section */
		EEBB8C9F2B553AFD00F43DE9 /* Build configuration list for PBXProject "Social Media App" */ = {
			isa = XCConfigurationList;
			buildConfigurations = (
				EEBB8CB02B553AFF00F43DE9 /* Debug */,
				EEBB8CB12B553AFF00F43DE9 /* Release */,
			);
			defaultConfigurationIsVisible = 0;
			defaultConfigurationName = Release;
		};
		EEBB8CB22B553AFF00F43DE9 /* Build configuration list for PBXNativeTarget "Social Media App" */ = {
			isa = XCConfigurationList;
			buildConfigurations = (
				EEBB8CB32B553AFF00F43DE9 /* Debug */,
				EEBB8CB42B553AFF00F43DE9 /* Release */,
			);
			defaultConfigurationIsVisible = 0;
			defaultConfigurationName = Release;
		};
/* End XCConfigurationList section */
	};
	rootObject = EEBB8C9C2B553AFD00F43DE9 /* Project object */;
}
